
Microsoft Visual Studio Solution File, Format Version 12.00
# Visual Studio Version 17
VisualStudioVersion = 17.11.35327.3
MinimumVisualStudioVersion = 10.0.40219.1
Project("{9A19103F-16F7-4668-BE54-9A1E7A4F7556}") = "ex01", "ex01\ex01.csproj", "{4A8437C9-620D-4C3A-9B04-AE7DF0EFDF61}"
EndProject
Project("{9A19103F-16F7-4668-BE54-9A1E7A4F7556}") = "ex02", "ex02\ex02.csproj", "{2080A146-05B2-42C3-B177-294DEB1D6530}"
EndProject
Project("{9A19103F-16F7-4668-BE54-9A1E7A4F7556}") = "ex03", "ex03\ex03.csproj", "{6422463C-315F-4178-A0C3-00D519862073}"
EndProject
Project("{9A19103F-16F7-4668-BE54-9A1E7A4F7556}") = "ex04", "ex04\ex04.csproj", "{26C6F51A-9ED0-4CA9-A48F-BD4FE3038BC4}"
EndProject
Project("{FAE04EC0-301F-11D3-BF4B-00C04F79EFBC}") = "ex05", "ex05\ex05.csproj", "{D98728E5-795F-437B-ACE3-10C7A4A15BCD}"
EndProject
Global
	GlobalSection(SolutionConfigurationPlatforms) = preSolution
		Debug|Any CPU = Debug|Any CPU
		Release|Any CPU = Release|Any CPU
	EndGlobalSection
	GlobalSection(ProjectConfigurationPlatforms) = postSolution
		{4A8437C9-620D-4C3A-9B04-AE7DF0EFDF61}.Debug|Any CPU.ActiveCfg = Debug|Any CPU
		{4A8437C9-620D-4C3A-9B04-AE7DF0EFDF61}.Debug|Any CPU.Build.0 = Debug|Any CPU
		{4A8437C9-620D-4C3A-9B04-AE7DF0EFDF61}.Release|Any CPU.ActiveCfg = Release|Any CPU
		{4A8437C9-620D-4C3A-9B04-AE7DF0EFDF61}.Release|Any CPU.Build.0 = Release|Any CPU
		{2080A146-05B2-42C3-B177-294DEB1D6530}.Debug|Any CPU.ActiveCfg = Debug|Any CPU
		{2080A146-05B2-42C3-B177-294DEB1D6530}.Debug|Any CPU.Build.0 = Debug|Any CPU
		{2080A146-05B2-42C3-B177-294DEB1D6530}.Release|Any CPU.ActiveCfg = Release|Any CPU
		{2080A146-05B2-42C3-B177-294DEB1D6530}.Release|Any CPU.Build.0 = Release|Any CPU
		{6422463C-315F-4178-A0C3-00D519862073}.Debug|Any CPU.ActiveCfg = Debug|Any CPU
		{6422463C-315F-4178-A0C3-00D519862073}.Debug|Any CPU.Build.0 = Debug|Any CPU
		{6422463C-315F-4178-A0C3-00D519862073}.Release|Any CPU.ActiveCfg = Release|Any CPU
		{6422463C-315F-4178-A0C3-00D519862073}.Release|Any CPU.Build.0 = Release|Any CPU
		{26C6F51A-9ED0-4CA9-A48F-BD4FE3038BC4}.Debug|Any CPU.ActiveCfg = Debug|Any CPU
		{26C6F51A-9ED0-4CA9-A48F-BD4FE3038BC4}.Debug|Any CPU.Build.0 = Debug|Any CPU
		{26C6F51A-9ED0-4CA9-A48F-BD4FE3038BC4}.Release|Any CPU.ActiveCfg = Release|Any CPU
		{26C6F51A-9ED0-4CA9-A48F-BD4FE3038BC4}.Release|Any CPU.Build.0 = Release|Any CPU
		{D98728E5-795F-437B-ACE3-10C7A4A15BCD}.Debug|Any CPU.ActiveCfg = Debug|Any CPU
		{D98728E5-795F-437B-ACE3-10C7A4A15BCD}.Debug|Any CPU.Build.0 = Debug|Any CPU
		{D98728E5-795F-437B-ACE3-10C7A4A15BCD}.Release|Any CPU.ActiveCfg = Release|Any CPU
		{D98728E5-795F-437B-ACE3-10C7A4A15BCD}.Release|Any CPU.Build.0 = Release|Any CPU
	EndGlobalSection
	GlobalSection(SolutionProperties) = preSolution
		HideSolutionNode = FALSE
	EndGlobalSection
	GlobalSection(ExtensibilityGlobals) = postSolution
		SolutionGuid = {9D144213-B9D8-456B-9C83-8E418B9DD0B7}
	EndGlobalSection
EndGlobal
